{
  "requires": true,
  "lockfileVersion": 1,
  "dependencies": {
    "ammo": {
      "version": "1.0.1",
      "resolved": "https://registry.npmjs.org/ammo/-/ammo-1.0.1.tgz",
      "integrity": "sha1-j4rdFM1Jve3jurOj4OvK8h0D3os=",
      "requires": {
        "boom": "2.10.1",
        "hoek": "2.16.3"
      }
    },
    "boom": {
      "version": "2.10.1",
      "resolved": "https://registry.npmjs.org/boom/-/boom-2.10.1.tgz",
      "integrity": "sha1-OciRjO/1eZ+D+UkqhI9iWt0Mdm8=",
      "requires": {
        "hoek": "2.16.3"
      }
    },
    "core-util-is": {
      "version": "1.0.2",
      "resolved": "https://registry.npmjs.org/core-util-is/-/core-util-is-1.0.2.tgz",
      "integrity": "sha1-tf1UIgqivFq1eqtxQMlAdUUDwac="
    },
    "corsproxy-https": {
      "version": "1.5.2",
      "resolved": "https://registry.npmjs.org/corsproxy-https/-/corsproxy-https-1.5.2.tgz",
      "integrity": "sha1-QuEBMZVGsqAOk1aMIGix5qcrnv8=",
      "requires": {
        "ejs": "2.5.7",
        "good": "6.6.3",
        "good-console": "5.3.2",
        "h2o2": "4.0.2",
        "hapi": "9.5.1",
        "hapi-cors-headers": "1.0.0",
        "http-proxy": "1.11.3",
        "inert": "3.2.1",
        "vision": "3.0.0"
      }
    },
    "ejs": {
      "version": "2.5.7",
      "resolved": "https://registry.npmjs.org/ejs/-/ejs-2.5.7.tgz",
      "integrity": "sha1-zIcsFoiArjxxiXYv1f/ACJbJUYo="
    },
    "eventemitter3": {
      "version": "1.2.0",
      "resolved": "https://registry.npmjs.org/eventemitter3/-/eventemitter3-1.2.0.tgz",
      "integrity": "sha1-HIaZHYFq0eUEdQ5zh0Ik7PO+xQg="
    },
    "good": {
      "version": "6.6.3",
      "resolved": "https://registry.npmjs.org/good/-/good-6.6.3.tgz",
      "integrity": "sha1-B9zIEfwSuDmKnDMezdM37OWogDU=",
      "requires": {
        "hoek": "2.16.3",
        "items": "1.1.1",
        "joi": "6.10.1",
        "traverse": "0.6.6",
        "wreck": "6.3.0"
      }
    },
    "good-console": {
      "version": "5.3.2",
      "resolved": "https://registry.npmjs.org/good-console/-/good-console-5.3.2.tgz",
      "integrity": "sha1-f8c9RDfiWsToODJB5GaWy6N0ia0=",
      "requires": {
        "good-squeeze": "2.1.0",
        "hoek": "2.16.3",
        "json-stringify-safe": "5.0.1",
        "moment": "2.11.2",
        "through2": "0.6.5"
      },
      "dependencies": {
        "moment": {
          "version": "2.11.2",
          "resolved": "https://registry.npmjs.org/moment/-/moment-2.11.2.tgz",
          "integrity": "sha1-h5aOX5WsA4wuQqyVnHWBnNP1KQE="
        }
      }
    },
    "good-squeeze": {
      "version": "2.1.0",
      "resolved": "https://registry.npmjs.org/good-squeeze/-/good-squeeze-2.1.0.tgz",
      "integrity": "sha1-mc7pHSbVkWmKiZwo6TELzzxq4oo=",
      "requires": {
        "hoek": "2.16.3",
        "json-stringify-safe": "5.0.1"
      }
    },
    "h2o2": {
      "version": "4.0.2",
      "resolved": "https://registry.npmjs.org/h2o2/-/h2o2-4.0.2.tgz",
      "integrity": "sha1-h8uWDcD1tJWWT6koJT5s8TuiJIY=",
      "requires": {
        "boom": "2.10.1",
        "hoek": "2.16.3",
        "joi": "6.10.1",
        "wreck": "6.3.0"
      }
    },
    "hapi": {
      "version": "9.5.1",
      "resolved": "https://registry.npmjs.org/hapi/-/hapi-9.5.1.tgz",
      "integrity": "sha1-jYyhPnwiCweEZemgp2QPJqWvuFU=",
      "requires": {
        "accept": "1.1.0",
        "ammo": "1.0.1",
        "boom": "2.9.0",
        "call": "2.0.2",
        "catbox": "6.0.0",
        "catbox-memory": "1.1.2",
        "cryptiles": "2.0.5",
        "heavy": "3.0.1",
        "hoek": "2.16.3",
        "iron": "2.1.3",
        "items": "1.1.0",
        "joi": "6.8.1",
        "kilt": "1.1.1",
        "mimos": "2.0.2",
        "peekaboo": "1.0.0",
        "qs": "4.0.0",
        "shot": "1.7.0",
        "statehood": "2.1.1",
        "subtext": "2.0.0",
        "topo": "1.1.0"
      },
      "dependencies": {
        "accept": {
          "version": "1.1.0",
          "resolved": "https://registry.npmjs.org/accept/-/accept-1.1.0.tgz",
          "integrity": "sha1-x7VWfJmt5Kx8k38qm8HFZhYKMLU=",
          "requires": {
            "boom": "2.9.0",
            "hoek": "2.16.3"
          }
        },
        "ammo": {
          "version": "1.0.1",
          "resolved": "https://registry.npmjs.org/ammo/-/ammo-1.0.1.tgz",
          "integrity": "sha1-j4rdFM1Jve3jurOj4OvK8h0D3os=",
          "requires": {
            "boom": "2.9.0",
            "hoek": "2.16.3"
          }
        },
        "boom": {
          "version": "2.9.0",
          "resolved": "https://registry.npmjs.org/boom/-/boom-2.9.0.tgz",
          "integrity": "sha1-pUt/0v7kd9NRv543FoDL6mfxJxU=",
          "requires": {
            "hoek": "2.16.3"
          }
        },
        "call": {
          "version": "2.0.2",
          "resolved": "https://registry.npmjs.org/call/-/call-2.0.2.tgz",
          "integrity": "sha1-nJgxq9B2lIb97oOkEUm4KbMtBsA=",
          "requires": {
            "boom": "2.9.0",
            "hoek": "2.16.3"
          }
        },
        "catbox": {
          "version": "6.0.0",
          "resolved": "https://registry.npmjs.org/catbox/-/catbox-6.0.0.tgz",
          "integrity": "sha1-6i8pT6Bemvx+IhDTI/XeU6OAQ+c=",
          "requires": {
            "boom": "2.9.0",
            "hoek": "2.16.3",
            "joi": "6.8.1"
          }
        },
        "catbox-memory": {
          "version": "1.1.2",
          "resolved": "https://registry.npmjs.org/catbox-memory/-/catbox-memory-1.1.2.tgz",
          "integrity": "sha1-M8kYOjKzGUXuikhNDjw8u4Lq7Bo=",
          "requires": {
            "hoek": "2.16.3"
          }
        },
        "cryptiles": {
          "version": "2.0.5",
          "resolved": "https://registry.npmjs.org/cryptiles/-/cryptiles-2.0.5.tgz",
          "integrity": "sha1-O9/s3GCBR8HGcgL6KR59ylnqo7g=",
          "requires": {
            "boom": "2.9.0"
          }
        },
        "heavy": {
          "version": "3.0.1",
          "resolved": "https://registry.npmjs.org/heavy/-/heavy-3.0.1.tgz",
          "integrity": "sha1-8oZ+bjUVv4OrGoux5z5dKOhas80=",
          "requires": {
            "boom": "2.9.0",
            "hoek": "2.16.3",
            "joi": "6.8.1"
          }
        },
        "hoek": {
          "version": "2.16.3",
          "resolved": "https://registry.npmjs.org/hoek/-/hoek-2.16.3.tgz",
          "integrity": "sha1-ILt0A9POo5jpHcRxCo/xuCdKJe0="
        },
        "iron": {
          "version": "2.1.3",
          "resolved": "https://registry.npmjs.org/iron/-/iron-2.1.3.tgz",
          "integrity": "sha1-cbjzV9gGquA6kKdFuaqv/sfi3eQ=",
          "requires": {
            "boom": "2.9.0",
            "cryptiles": "2.0.5",
            "hoek": "2.16.3"
          }
        },
        "items": {
          "version": "1.1.0",
          "resolved": "https://registry.npmjs.org/items/-/items-1.1.0.tgz",
          "integrity": "sha1-rZ1VhAsimGDLPRYLMidMLUvZ4mI="
        },
        "joi": {
          "version": "6.8.1",
          "resolved": "https://registry.npmjs.org/joi/-/joi-6.8.1.tgz",
          "integrity": "sha1-g94tYCj8DNXRYi8/V0fKCCtHjv8=",
          "requires": {
            "hoek": "2.16.3",
            "isemail": "1.2.0",
            "moment": "2.10.6",
            "topo": "1.1.0"
          },
          "dependencies": {
            "isemail": {
              "version": "1.2.0",
              "resolved": "https://registry.npmjs.org/isemail/-/isemail-1.2.0.tgz",
              "integrity": "sha1-vgPfjMPineTSxd9lASY/H6RZXpo="
            },
            "moment": {
              "version": "2.10.6",
              "resolved": "https://registry.npmjs.org/moment/-/moment-2.10.6.tgz",
              "integrity": "sha1-bLIZZ8ecunsMpeZmRPFzZis++nc="
            }
          }
        },
        "kilt": {
          "version": "1.1.1",
          "resolved": "https://registry.npmjs.org/kilt/-/kilt-1.1.1.tgz",
          "integrity": "sha1-d7SmFjyn+lshN6iMFzNCFuwj1ds=",
          "requires": {
            "hoek": "2.16.3"
          }
        },
        "mimos": {
          "version": "2.0.2",
          "resolved": "https://registry.npmjs.org/mimos/-/mimos-2.0.2.tgz",
          "integrity": "sha1-wyQXF+dblZkr54esfdbbGptTmx4=",
          "requires": {
            "hoek": "2.16.3",
            "mime-db": "1.19.0"
          },
          "dependencies": {
            "mime-db": {
              "version": "1.19.0",
              "resolved": "https://registry.npmjs.org/mime-db/-/mime-db-1.19.0.tgz",
              "integrity": "sha1-SWoYGYp86CRFNOJbsQK3T7Qg/VY="
            }
          }
        },
        "peekaboo": {
          "version": "1.0.0",
          "resolved": "https://registry.npmjs.org/peekaboo/-/peekaboo-1.0.0.tgz",
          "integrity": "sha1-wNspJq1lTSygH3ymUKtFkadk/EI="
        },
        "qs": {
          "version": "4.0.0",
          "resolved": "https://registry.npmjs.org/qs/-/qs-4.0.0.tgz",
          "integrity": "sha1-wx2bdOwn33XlQ6hseHKO2NRiNgc="
        },
        "shot": {
          "version": "1.7.0",
          "resolved": "https://registry.npmjs.org/shot/-/shot-1.7.0.tgz",
          "integrity": "sha1-8jKdfvM6/PA9RM5Bq66BSK4XBTI=",
          "requires": {
            "hoek": "2.16.3"
          }
        },
        "statehood": {
          "version": "2.1.1",
          "resolved": "https://registry.npmjs.org/statehood/-/statehood-2.1.1.tgz",
          "integrity": "sha1-AfFwtmxeklqvZ5qdMiulkYb8AAk=",
          "requires": {
            "boom": "2.9.0",
            "cryptiles": "2.0.5",
            "hoek": "2.16.3",
            "iron": "2.1.3",
            "items": "1.1.0",
            "joi": "6.8.1"
          }
        },
        "subtext": {
          "version": "2.0.0",
          "resolved": "https://registry.npmjs.org/subtext/-/subtext-2.0.0.tgz",
          "integrity": "sha1-I5lQ6SCBQ/FUirJeHJV5vbaNiU4=",
          "requires": {
            "boom": "2.9.0",
            "content": "1.0.2",
            "hoek": "2.16.3",
            "pez": "1.0.0",
            "qs": "4.0.0",
            "wreck": "6.2.0"
          },
          "dependencies": {
            "content": {
              "version": "1.0.2",
              "resolved": "https://registry.npmjs.org/content/-/content-1.0.2.tgz",
              "integrity": "sha1-y37fMq/vF8SKz9vSH/mMIzFa6CQ=",
              "requires": {
                "boom": "2.9.0",
                "hoek": "2.16.3"
              }
            },
            "pez": {
              "version": "1.0.0",
              "resolved": "https://registry.npmjs.org/pez/-/pez-1.0.0.tgz",
              "integrity": "sha1-hEMYpc5wku7d/6KV4YB5rHefoBg=",
              "requires": {
                "b64": "2.0.1",
                "boom": "2.9.0",
                "content": "1.0.2",
                "hoek": "2.16.3",
                "nigel": "1.0.1"
              },
              "dependencies": {
                "b64": {
                  "version": "2.0.1",
                  "resolved": "https://registry.npmjs.org/b64/-/b64-2.0.1.tgz",
                  "integrity": "sha1-0IwQcZcZ/x/htTKuSSaUCc4UnOk=",
                  "requires": {
                    "hoek": "2.16.3"
                  }
                },
                "nigel": {
                  "version": "1.0.1",
                  "resolved": "https://registry.npmjs.org/nigel/-/nigel-1.0.1.tgz",
                  "integrity": "sha1-RjmJr4gSePuqHTzJOCPb0XtDYKE=",
                  "requires": {
                    "hoek": "2.16.3",
                    "vise": "1.0.0"
                  },
                  "dependencies": {
                    "vise": {
                      "version": "1.0.0",
                      "resolved": "https://registry.npmjs.org/vise/-/vise-1.0.0.tgz",
                      "integrity": "sha1-KDRb5N5aNB4V/SgW/Z6j5zA+jfM=",
                      "requires": {
                        "hoek": "2.16.3"
                      }
                    }
                  }
                }
              }
            },
            "wreck": {
              "version": "6.2.0",
              "resolved": "https://registry.npmjs.org/wreck/-/wreck-6.2.0.tgz",
              "integrity": "sha1-8Jkx7UcbZL6Yjj57u4gjTa4i0iI=",
              "requires": {
                "boom": "2.9.0",
                "hoek": "2.16.3"
              }
            }
          }
        },
        "topo": {
          "version": "1.1.0",
          "resolved": "https://registry.npmjs.org/topo/-/topo-1.1.0.tgz",
          "integrity": "sha1-6ddRYV0buH3IZdsYL6HKCl71NtU=",
          "requires": {
            "hoek": "2.16.3"
          }
        }
      }
    },
    "hapi-cors-headers": {
      "version": "1.0.0",
      "resolved": "https://registry.npmjs.org/hapi-cors-headers/-/hapi-cors-headers-1.0.0.tgz",
      "integrity": "sha1-qwExiv89OkqopLkOJQtQnW2JKPA="
    },
    "hoek": {
      "version": "2.16.3",
      "resolved": "https://registry.npmjs.org/hoek/-/hoek-2.16.3.tgz",
      "integrity": "sha1-ILt0A9POo5jpHcRxCo/xuCdKJe0="
    },
    "http-proxy": {
      "version": "1.11.3",
      "resolved": "https://registry.npmjs.org/http-proxy/-/http-proxy-1.11.3.tgz",
      "integrity": "sha1-GRXciIdR4qa/PCq/yxgI+obHI1M=",
      "requires": {
        "eventemitter3": "1.2.0",
        "requires-port": "0.0.1"
      }
    },
    "inert": {
      "version": "3.2.1",
      "resolved": "https://registry.npmjs.org/inert/-/inert-3.2.1.tgz",
      "integrity": "sha1-xJZcXhh87z2yxChy5S51cAh2Qn0=",
      "requires": {
        "ammo": "1.0.1",
        "boom": "2.10.1",
        "hoek": "2.16.3",
        "items": "1.1.1",
        "joi": "6.10.1",
        "lru-cache": "2.7.3"
      }
    },
    "inherits": {
      "version": "2.0.3",
      "resolved": "https://registry.npmjs.org/inherits/-/inherits-2.0.3.tgz",
      "integrity": "sha1-Yzwsg+PaQqUC9SRmAiSA9CCCYd4="
    },
    "isarray": {
      "version": "0.0.1",
      "resolved": "https://registry.npmjs.org/isarray/-/isarray-0.0.1.tgz",
      "integrity": "sha1-ihis/Kmo9Bd+Cav8YDiTmwXR7t8="
    },
    "isemail": {
      "version": "1.2.0",
      "resolved": "https://registry.npmjs.org/isemail/-/isemail-1.2.0.tgz",
      "integrity": "sha1-vgPfjMPineTSxd9lASY/H6RZXpo="
    },
    "items": {
      "version": "1.1.1",
      "resolved": "https://registry.npmjs.org/items/-/items-1.1.1.tgz",
      "integrity": "sha1-Q1td0hvKKLPP0lu1xrJ4txUBD9k="
    },
    "joi": {
      "version": "6.10.1",
      "resolved": "https://registry.npmjs.org/joi/-/joi-6.10.1.tgz",
      "integrity": "sha1-TVDDGAeRIgAP5fFq8f+OGRe3fgY=",
      "requires": {
        "hoek": "2.16.3",
        "isemail": "1.2.0",
        "moment": "2.19.1",
        "topo": "1.1.0"
      }
    },
    "json-stringify-safe": {
      "version": "5.0.1",
      "resolved": "https://registry.npmjs.org/json-stringify-safe/-/json-stringify-safe-5.0.1.tgz",
      "integrity": "sha1-Epai1Y/UXxmg9s4B1lcB4sc1tus="
    },
    "lru-cache": {
      "version": "2.7.3",
      "resolved": "https://registry.npmjs.org/lru-cache/-/lru-cache-2.7.3.tgz",
      "integrity": "sha1-bUUk6LlV+V1PW1iFHOId1y+06VI="
    },
    "moment": {
      "version": "2.19.1",
      "resolved": "https://registry.npmjs.org/moment/-/moment-2.19.1.tgz",
      "integrity": "sha1-VtoaLRy/AdOLfhr8McELz6GSkWc="
    },
    "readable-stream": {
      "version": "1.0.34",
      "resolved": "https://registry.npmjs.org/readable-stream/-/readable-stream-1.0.34.tgz",
      "integrity": "sha1-Elgg40vIQtLyqq+v5MKRbuMsFXw=",
      "requires": {
        "core-util-is": "1.0.2",
        "inherits": "2.0.3",
        "isarray": "0.0.1",
        "string_decoder": "0.10.31"
      }
    },
    "requires-port": {
      "version": "0.0.1",
      "resolved": "https://registry.npmjs.org/requires-port/-/requires-port-0.0.1.tgz",
      "integrity": "sha1-S0QUQR2d98hVmV3YmajHiilRwW0="
    },
    "string_decoder": {
      "version": "0.10.31",
      "resolved": "https://registry.npmjs.org/string_decoder/-/string_decoder-0.10.31.tgz",
      "integrity": "sha1-YuIDvEF2bGwoyfyEMB2rHFMQ+pQ="
    },
    "through2": {
      "version": "0.6.5",
      "resolved": "https://registry.npmjs.org/through2/-/through2-0.6.5.tgz",
      "integrity": "sha1-QaucZ7KdVyCQcUEOHXp6lozTrUg=",
      "requires": {
        "readable-stream": "1.0.34",
        "xtend": "4.0.1"
      }
    },
    "topo": {
      "version": "1.1.0",
      "resolved": "https://registry.npmjs.org/topo/-/topo-1.1.0.tgz",
      "integrity": "sha1-6ddRYV0buH3IZdsYL6HKCl71NtU=",
      "requires": {
        "hoek": "2.16.3"
      }
    },
    "traverse": {
      "version": "0.6.6",
      "resolved": "https://registry.npmjs.org/traverse/-/traverse-0.6.6.tgz",
      "integrity": "sha1-y99WD9e5r2MlAv7UD5GMFX6pcTc="
    },
    "vision": {
      "version": "3.0.0",
      "resolved": "https://registry.npmjs.org/vision/-/vision-3.0.0.tgz",
      "integrity": "sha1-GEWEb2wjpvJTXa8woeHnHQukjGI=",
      "requires": {
        "boom": "2.10.1",
        "hoek": "2.16.3",
        "items": "1.1.1",
        "joi": "6.10.1"
      }
    },
    "wreck": {
      "version": "6.3.0",
      "resolved": "https://registry.npmjs.org/wreck/-/wreck-6.3.0.tgz",
      "integrity": "sha1-oTaXafB7u2LWo3gzanhx/Hc8dAs=",
      "requires": {
        "boom": "2.10.1",
        "hoek": "2.16.3"
      }
    },
    "xtend": {
      "version": "4.0.1",
      "resolved": "https://registry.npmjs.org/xtend/-/xtend-4.0.1.tgz",
      "integrity": "sha1-pcbVMr5lbiPbgg77lDofBJmNY68="
    }
  }
}
