// !$*UTF8*$!
{
	archiveVersion = 1;
	classes = {
	};
	objectVersion = 46;
	objects = {

/* Begin PBXBuildFile section */
		467AF8CC1E85397200216B2A /* corsproxy in Resources */ = {isa = PBXBuildFile; fileRef = 467AF8CB1E85397200216B2A /* corsproxy */; };
		467AF8CE1E85398300216B2A /* blockstackProxy in Resources */ = {isa = PBXBuildFile; fileRef = 467AF8CD1E85398300216B2A /* blockstackProxy */; };
		46AB7B3C1E632F08004DACD8 /* AppDelegate.swift in Sources */ = {isa = PBXBuildFile; fileRef = 46AB7B3B1E632F08004DACD8 /* AppDelegate.swift */; };
		46AB7B3E1E632F08004DACD8 /* Assets.xcassets in Resources */ = {isa = PBXBuildFile; fileRef = 46AB7B3D1E632F08004DACD8 /* Assets.xcassets */; };
		46AB7B411E632F08004DACD8 /* MainMenu.xib in Resources */ = {isa = PBXBuildFile; fileRef = 46AB7B3F1E632F08004DACD8 /* MainMenu.xib */; };
		46AB7B4C1E632F08004DACD8 /* BlockstackTests.swift in Sources */ = {isa = PBXBuildFile; fileRef = 46AB7B4B1E632F08004DACD8 /* BlockstackTests.swift */; };
		46AB7B571E632F09004DACD8 /* BlockstackUITests.swift in Sources */ = {isa = PBXBuildFile; fileRef = 46AB7B561E632F09004DACD8 /* BlockstackUITests.swift */; };
		46AB7B6B1E643675004DACD8 /* blockstack-venv.tar.gz in Resources */ = {isa = PBXBuildFile; fileRef = 46AB7B691E643675004DACD8 /* blockstack-venv.tar.gz */; };
		46CA5EA51E81BEDD00CF6E38 /* browser in Resources */ = {isa = PBXBuildFile; fileRef = 46CA5EA41E81BEDC00CF6E38 /* browser */; };
/* End PBXBuildFile section */

/* Begin PBXContainerItemProxy section */
		46AB7B481E632F08004DACD8 /* PBXContainerItemProxy */ = {
			isa = PBXContainerItemProxy;
			containerPortal = 46AB7B301E632F08004DACD8 /* Project object */;
			proxyType = 1;
			remoteGlobalIDString = 46AB7B371E632F08004DACD8;
			remoteInfo = Blockstack;
		};
		46AB7B531E632F09004DACD8 /* PBXContainerItemProxy */ = {
			isa = PBXContainerItemProxy;
			containerPortal = 46AB7B301E632F08004DACD8 /* Project object */;
			proxyType = 1;
			remoteGlobalIDString = 46AB7B371E632F08004DACD8;
			remoteInfo = Blockstack;
		};
/* End PBXContainerItemProxy section */

/* Begin PBXFileReference section */
		467AF8CB1E85397200216B2A /* corsproxy */ = {isa = PBXFileReference; lastKnownFileType = "compiled.mach-o.executable"; path = corsproxy; sourceTree = "<group>"; };
		467AF8CD1E85398300216B2A /* blockstackProxy */ = {isa = PBXFileReference; lastKnownFileType = "compiled.mach-o.executable"; path = blockstackProxy; sourceTree = "<group>"; };
		46AB7B381E632F08004DACD8 /* Blockstack.app */ = {isa = PBXFileReference; explicitFileType = wrapper.application; includeInIndex = 0; path = Blockstack.app; sourceTree = BUILT_PRODUCTS_DIR; };
		46AB7B3B1E632F08004DACD8 /* AppDelegate.swift */ = {isa = PBXFileReference; lastKnownFileType = sourcecode.swift; path = AppDelegate.swift; sourceTree = "<group>"; };
		46AB7B3D1E632F08004DACD8 /* Assets.xcassets */ = {isa = PBXFileReference; lastKnownFileType = folder.assetcatalog; path = Assets.xcassets; sourceTree = "<group>"; };
		46AB7B401E632F08004DACD8 /* Base */ = {isa = PBXFileReference; lastKnownFileType = file.xib; name = Base; path = Base.lproj/MainMenu.xib; sourceTree = "<group>"; };
		46AB7B421E632F08004DACD8 /* Info.plist */ = {isa = PBXFileReference; lastKnownFileType = text.plist.xml; path = Info.plist; sourceTree = "<group>"; };
		46AB7B471E632F08004DACD8 /* BlockstackTests.xctest */ = {isa = PBXFileReference; explicitFileType = wrapper.cfbundle; includeInIndex = 0; path = BlockstackTests.xctest; sourceTree = BUILT_PRODUCTS_DIR; };
		46AB7B4B1E632F08004DACD8 /* BlockstackTests.swift */ = {isa = PBXFileReference; lastKnownFileType = sourcecode.swift; path = BlockstackTests.swift; sourceTree = "<group>"; };
		46AB7B4D1E632F08004DACD8 /* Info.plist */ = {isa = PBXFileReference; lastKnownFileType = text.plist.xml; path = Info.plist; sourceTree = "<group>"; };
		46AB7B521E632F09004DACD8 /* BlockstackUITests.xctest */ = {isa = PBXFileReference; explicitFileType = wrapper.cfbundle; includeInIndex = 0; path = BlockstackUITests.xctest; sourceTree = BUILT_PRODUCTS_DIR; };
		46AB7B561E632F09004DACD8 /* BlockstackUITests.swift */ = {isa = PBXFileReference; lastKnownFileType = sourcecode.swift; path = BlockstackUITests.swift; sourceTree = "<group>"; };
		46AB7B581E632F09004DACD8 /* Info.plist */ = {isa = PBXFileReference; lastKnownFileType = text.plist.xml; path = Info.plist; sourceTree = "<group>"; };
		46AB7B691E643675004DACD8 /* blockstack-venv.tar.gz */ = {isa = PBXFileReference; lastKnownFileType = archive.gzip; name = "blockstack-venv.tar.gz"; path = "Blockstack/blockstack-venv.tar.gz"; sourceTree = "<group>"; };
		46CA5EA41E81BEDC00CF6E38 /* browser */ = {isa = PBXFileReference; lastKnownFileType = folder; name = browser; path = Blockstack/browser; sourceTree = "<group>"; };
/* End PBXFileReference section */

/* Begin PBXFrameworksBuildPhase section */
		46AB7B351E632F08004DACD8 /* Frameworks */ = {
			isa = PBXFrameworksBuildPhase;
			buildActionMask = 2147483647;
			files = (
			);
			runOnlyForDeploymentPostprocessing = 0;
		};
		46AB7B441E632F08004DACD8 /* Frameworks */ = {
			isa = PBXFrameworksBuildPhase;
			buildActionMask = 2147483647;
			files = (
			);
			runOnlyForDeploymentPostprocessing = 0;
		};
		46AB7B4F1E632F09004DACD8 /* Frameworks */ = {
			isa = PBXFrameworksBuildPhase;
			buildActionMask = 2147483647;
			files = (
			);
			runOnlyForDeploymentPostprocessing = 0;
		};
/* End PBXFrameworksBuildPhase section */

/* Begin PBXGroup section */
		46AB7B2F1E632F08004DACD8 = {
			isa = PBXGroup;
			children = (
				46AB7B681E643643004DACD8 /* Binaries */,
				46AB7B3A1E632F08004DACD8 /* Blockstack */,
				46AB7B4A1E632F08004DACD8 /* BlockstackTests */,
				46AB7B551E632F09004DACD8 /* BlockstackUITests */,
				46AB7B391E632F08004DACD8 /* Products */,
			);
			sourceTree = "<group>";
		};
		46AB7B391E632F08004DACD8 /* Products */ = {
			isa = PBXGroup;
			children = (
				46AB7B381E632F08004DACD8 /* Blockstack.app */,
				46AB7B471E632F08004DACD8 /* BlockstackTests.xctest */,
				46AB7B521E632F09004DACD8 /* BlockstackUITests.xctest */,
			);
			name = Products;
			sourceTree = "<group>";
		};
		46AB7B3A1E632F08004DACD8 /* Blockstack */ = {
			isa = PBXGroup;
			children = (
				46AB7B3B1E632F08004DACD8 /* AppDelegate.swift */,
				46AB7B3D1E632F08004DACD8 /* Assets.xcassets */,
				46AB7B3F1E632F08004DACD8 /* MainMenu.xib */,
				46AB7B421E632F08004DACD8 /* Info.plist */,
			);
			path = Blockstack;
			sourceTree = "<group>";
		};
		46AB7B4A1E632F08004DACD8 /* BlockstackTests */ = {
			isa = PBXGroup;
			children = (
				46AB7B4B1E632F08004DACD8 /* BlockstackTests.swift */,
				46AB7B4D1E632F08004DACD8 /* Info.plist */,
			);
			path = BlockstackTests;
			sourceTree = "<group>";
		};
		46AB7B551E632F09004DACD8 /* BlockstackUITests */ = {
			isa = PBXGroup;
			children = (
				46AB7B561E632F09004DACD8 /* BlockstackUITests.swift */,
				46AB7B581E632F09004DACD8 /* Info.plist */,
			);
			path = BlockstackUITests;
			sourceTree = "<group>";
		};
		46AB7B681E643643004DACD8 /* Binaries */ = {
			isa = PBXGroup;
			children = (
				467AF8CD1E85398300216B2A /* blockstackProxy */,
				46CA5EA41E81BEDC00CF6E38 /* browser */,
				46AB7B691E643675004DACD8 /* blockstack-venv.tar.gz */,
				467AF8CB1E85397200216B2A /* corsproxy */,
			);
			name = Binaries;
			sourceTree = "<group>";
		};
/* End PBXGroup section */

/* Begin PBXNativeTarget section */
		46AB7B371E632F08004DACD8 /* Blockstack */ = {
			isa = PBXNativeTarget;
			buildConfigurationList = 46AB7B5B1E632F09004DACD8 /* Build configuration list for PBXNativeTarget "Blockstack" */;
			buildPhases = (
				46AB7B341E632F08004DACD8 /* Sources */,
				46AB7B351E632F08004DACD8 /* Frameworks */,
				46AB7B361E632F08004DACD8 /* Resources */,
			);
			buildRules = (
			);
			dependencies = (
			);
			name = Blockstack;
			productName = Blockstack;
			productReference = 46AB7B381E632F08004DACD8 /* Blockstack.app */;
			productType = "com.apple.product-type.application";
		};
		46AB7B461E632F08004DACD8 /* BlockstackTests */ = {
			isa = PBXNativeTarget;
			buildConfigurationList = 46AB7B5E1E632F09004DACD8 /* Build configuration list for PBXNativeTarget "BlockstackTests" */;
			buildPhases = (
				46AB7B431E632F08004DACD8 /* Sources */,
				46AB7B441E632F08004DACD8 /* Frameworks */,
				46AB7B451E632F08004DACD8 /* Resources */,
			);
			buildRules = (
			);
			dependencies = (
				46AB7B491E632F08004DACD8 /* PBXTargetDependency */,
			);
			name = BlockstackTests;
			productName = BlockstackTests;
			productReference = 46AB7B471E632F08004DACD8 /* BlockstackTests.xctest */;
			productType = "com.apple.product-type.bundle.unit-test";
		};
		46AB7B511E632F09004DACD8 /* BlockstackUITests */ = {
			isa = PBXNativeTarget;
			buildConfigurationList = 46AB7B611E632F09004DACD8 /* Build configuration list for PBXNativeTarget "BlockstackUITests" */;
			buildPhases = (
				46AB7B4E1E632F09004DACD8 /* Sources */,
				46AB7B4F1E632F09004DACD8 /* Frameworks */,
				46AB7B501E632F09004DACD8 /* Resources */,
			);
			buildRules = (
			);
			dependencies = (
				46AB7B541E632F09004DACD8 /* PBXTargetDependency */,
			);
			name = BlockstackUITests;
			productName = BlockstackUITests;
			productReference = 46AB7B521E632F09004DACD8 /* BlockstackUITests.xctest */;
			productType = "com.apple.product-type.bundle.ui-testing";
		};
/* End PBXNativeTarget section */

/* Begin PBXProject section */
		46AB7B301E632F08004DACD8 /* Project object */ = {
			isa = PBXProject;
			attributes = {
				LastSwiftUpdateCheck = 0820;
				LastUpgradeCheck = 0820;
				ORGANIZATIONNAME = Blockstack;
				TargetAttributes = {
					46AB7B371E632F08004DACD8 = {
						CreatedOnToolsVersion = 8.2.1;
						DevelopmentTeam = CWQ2SUHV2E;
						ProvisioningStyle = Automatic;
					};
					46AB7B461E632F08004DACD8 = {
						CreatedOnToolsVersion = 8.2.1;
						DevelopmentTeam = CWQ2SUHV2E;
						ProvisioningStyle = Automatic;
						TestTargetID = 46AB7B371E632F08004DACD8;
					};
					46AB7B511E632F09004DACD8 = {
						CreatedOnToolsVersion = 8.2.1;
						DevelopmentTeam = CWQ2SUHV2E;
						ProvisioningStyle = Automatic;
						TestTargetID = 46AB7B371E632F08004DACD8;
					};
				};
			};
			buildConfigurationList = 46AB7B331E632F08004DACD8 /* Build configuration list for PBXProject "Blockstack" */;
			compatibilityVersion = "Xcode 3.2";
			developmentRegion = English;
			hasScannedForEncodings = 0;
			knownRegions = (
				en,
				Base,
			);
			mainGroup = 46AB7B2F1E632F08004DACD8;
			productRefGroup = 46AB7B391E632F08004DACD8 /* Products */;
			projectDirPath = "";
			projectRoot = "";
			targets = (
				46AB7B371E632F08004DACD8 /* Blockstack */,
				46AB7B461E632F08004DACD8 /* BlockstackTests */,
				46AB7B511E632F09004DACD8 /* BlockstackUITests */,
			);
		};
/* End PBXProject section */

/* Begin PBXResourcesBuildPhase section */
		46AB7B361E632F08004DACD8 /* Resources */ = {
			isa = PBXResourcesBuildPhase;
			buildActionMask = 2147483647;
			files = (
				46AB7B3E1E632F08004DACD8 /* Assets.xcassets in Resources */,
				46AB7B6B1E643675004DACD8 /* blockstack-venv.tar.gz in Resources */,
				467AF8CE1E85398300216B2A /* blockstackProxy in Resources */,
				46CA5EA51E81BEDD00CF6E38 /* browser in Resources */,
				467AF8CC1E85397200216B2A /* corsproxy in Resources */,
				46AB7B411E632F08004DACD8 /* MainMenu.xib in Resources */,
			);
			runOnlyForDeploymentPostprocessing = 0;
		};
		46AB7B451E632F08004DACD8 /* Resources */ = {
			isa = PBXResourcesBuildPhase;
			buildActionMask = 2147483647;
			files = (
			);
			runOnlyForDeploymentPostprocessing = 0;
		};
		46AB7B501E632F09004DACD8 /* Resources */ = {
			isa = PBXResourcesBuildPhase;
			buildActionMask = 2147483647;
			files = (
			);
			runOnlyForDeploymentPostprocessing = 0;
		};
/* End PBXResourcesBuildPhase section */

/* Begin PBXSourcesBuildPhase section */
		46AB7B341E632F08004DACD8 /* Sources */ = {
			isa = PBXSourcesBuildPhase;
			buildActionMask = 2147483647;
			files = (
				46AB7B3C1E632F08004DACD8 /* AppDelegate.swift in Sources */,
			);
			runOnlyForDeploymentPostprocessing = 0;
		};
		46AB7B431E632F08004DACD8 /* Sources */ = {
			isa = PBXSourcesBuildPhase;
			buildActionMask = 2147483647;
			files = (
				46AB7B4C1E632F08004DACD8 /* BlockstackTests.swift in Sources */,
			);
			runOnlyForDeploymentPostprocessing = 0;
		};
		46AB7B4E1E632F09004DACD8 /* Sources */ = {
			isa = PBXSourcesBuildPhase;
			buildActionMask = 2147483647;
			files = (
				46AB7B571E632F09004DACD8 /* BlockstackUITests.swift in Sources */,
			);
			runOnlyForDeploymentPostprocessing = 0;
		};
/* End PBXSourcesBuildPhase section */

/* Begin PBXTargetDependency section */
		46AB7B491E632F08004DACD8 /* PBXTargetDependency */ = {
			isa = PBXTargetDependency;
			target = 46AB7B371E632F08004DACD8 /* Blockstack */;
			targetProxy = 46AB7B481E632F08004DACD8 /* PBXContainerItemProxy */;
		};
		46AB7B541E632F09004DACD8 /* PBXTargetDependency */ = {
			isa = PBXTargetDependency;
			target = 46AB7B371E632F08004DACD8 /* Blockstack */;
			targetProxy = 46AB7B531E632F09004DACD8 /* PBXContainerItemProxy */;
		};
/* End PBXTargetDependency section */

/* Begin PBXVariantGroup section */
		46AB7B3F1E632F08004DACD8 /* MainMenu.xib */ = {
			isa = PBXVariantGroup;
			children = (
				46AB7B401E632F08004DACD8 /* Base */,
			);
			name = MainMenu.xib;
			sourceTree = "<group>";
		};
/* End PBXVariantGroup section */

/* Begin XCBuildConfiguration section */
		46AB7B591E632F09004DACD8 /* Debug */ = {
			isa = XCBuildConfiguration;
			buildSettings = {
				ALWAYS_SEARCH_USER_PATHS = NO;
				CLANG_ANALYZER_NONNULL = YES;
				CLANG_CXX_LANGUAGE_STANDARD = "gnu++0x";
				CLANG_CXX_LIBRARY = "libc++";
				CLANG_ENABLE_MODULES = YES;
				CLANG_ENABLE_OBJC_ARC = YES;
				CLANG_WARN_BOOL_CONVERSION = YES;
				CLANG_WARN_CONSTANT_CONVERSION = YES;
				CLANG_WARN_DIRECT_OBJC_ISA_USAGE = YES_ERROR;
				CLANG_WARN_DOCUMENTATION_COMMENTS = YES;
				CLANG_WARN_EMPTY_BODY = YES;
				CLANG_WARN_ENUM_CONVERSION = YES;
				CLANG_WARN_INFINITE_RECURSION = YES;
				CLANG_WARN_INT_CONVERSION = YES;
				CLANG_WARN_OBJC_ROOT_CLASS = YES_ERROR;
				CLANG_WARN_SUSPICIOUS_MOVE = YES;
				CLANG_WARN_UNREACHABLE_CODE = YES;
				CLANG_WARN__DUPLICATE_METHOD_MATCH = YES;
				CODE_SIGN_IDENTITY = "-";
				COPY_PHASE_STRIP = NO;
				DEBUG_INFORMATION_FORMAT = dwarf;
				ENABLE_STRICT_OBJC_MSGSEND = YES;
				ENABLE_TESTABILITY = YES;
				GCC_C_LANGUAGE_STANDARD = gnu99;
				GCC_DYNAMIC_NO_PIC = NO;
				GCC_NO_COMMON_BLOCKS = YES;
				GCC_OPTIMIZATION_LEVEL = 0;
				GCC_PREPROCESSOR_DEFINITIONS = (
					"DEBUG=1",
					"$(inherited)",
				);
				GCC_WARN_64_TO_32_BIT_CONVERSION = YES;
				GCC_WARN_ABOUT_RETURN_TYPE = YES_ERROR;
				GCC_WARN_UNDECLARED_SELECTOR = YES;
				GCC_WARN_UNINITIALIZED_AUTOS = YES_AGGRESSIVE;
				GCC_WARN_UNUSED_FUNCTION = YES;
				GCC_WARN_UNUSED_VARIABLE = YES;
				MACOSX_DEPLOYMENT_TARGET = 10.12;
				MTL_ENABLE_DEBUG_INFO = YES;
				ONLY_ACTIVE_ARCH = YES;
				SDKROOT = macosx;
				SWIFT_ACTIVE_COMPILATION_CONDITIONS = DEBUG;
				SWIFT_OPTIMIZATION_LEVEL = "-Onone";
			};
			name = Debug;
		};
		46AB7B5A1E632F09004DACD8 /* Release */ = {
			isa = XCBuildConfiguration;
			buildSettings = {
				ALWAYS_SEARCH_USER_PATHS = NO;
				CLANG_ANALYZER_NONNULL = YES;
				CLANG_CXX_LANGUAGE_STANDARD = "gnu++0x";
				CLANG_CXX_LIBRARY = "libc++";
				CLANG_ENABLE_MODULES = YES;
				CLANG_ENABLE_OBJC_ARC = YES;
				CLANG_WARN_BOOL_CONVERSION = YES;
				CLANG_WARN_CONSTANT_CONVERSION = YES;
				CLANG_WARN_DIRECT_OBJC_ISA_USAGE = YES_ERROR;
				CLANG_WARN_DOCUMENTATION_COMMENTS = YES;
				CLANG_WARN_EMPTY_BODY = YES;
				CLANG_WARN_ENUM_CONVERSION = YES;
				CLANG_WARN_INFINITE_RECURSION = YES;
				CLANG_WARN_INT_CONVERSION = YES;
				CLANG_WARN_OBJC_ROOT_CLASS = YES_ERROR;
				CLANG_WARN_SUSPICIOUS_MOVE = YES;
				CLANG_WARN_UNREACHABLE_CODE = YES;
				CLANG_WARN__DUPLICATE_METHOD_MATCH = YES;
				CODE_SIGN_IDENTITY = "-";
				COPY_PHASE_STRIP = NO;
				DEBUG_INFORMATION_FORMAT = "dwarf-with-dsym";
				ENABLE_NS_ASSERTIONS = NO;
				ENABLE_STRICT_OBJC_MSGSEND = YES;
				GCC_C_LANGUAGE_STANDARD = gnu99;
				GCC_NO_COMMON_BLOCKS = YES;
				GCC_WARN_64_TO_32_BIT_CONVERSION = YES;
				GCC_WARN_ABOUT_RETURN_TYPE = YES_ERROR;
				GCC_WARN_UNDECLARED_SELECTOR = YES;
				GCC_WARN_UNINITIALIZED_AUTOS = YES_AGGRESSIVE;
				GCC_WARN_UNUSED_FUNCTION = YES;
				GCC_WARN_UNUSED_VARIABLE = YES;
				MACOSX_DEPLOYMENT_TARGET = 10.12;
				MTL_ENABLE_DEBUG_INFO = NO;
				SDKROOT = macosx;
				SWIFT_OPTIMIZATION_LEVEL = "-Owholemodule";
			};
			name = Release;
		};
		46AB7B5C1E632F09004DACD8 /* Debug */ = {
			isa = XCBuildConfiguration;
			buildSettings = {
				ASSETCATALOG_COMPILER_APPICON_NAME = AppIcon;
				CODE_SIGN_IDENTITY = "Mac Developer";
				COMBINE_HIDPI_IMAGES = YES;
				DEVELOPMENT_TEAM = CWQ2SUHV2E;
				INFOPLIST_FILE = Blockstack/Info.plist;
				LD_RUNPATH_SEARCH_PATHS = "$(inherited) @executable_path/../Frameworks";
				PRODUCT_BUNDLE_IDENTIFIER = org.blockstack.mac;
				PRODUCT_NAME = "$(TARGET_NAME)";
				SWIFT_VERSION = 3.0;
			};
			name = Debug;
		};
		46AB7B5D1E632F09004DACD8 /* Release */ = {
			isa = XCBuildConfiguration;
			buildSettings = {
				ASSETCATALOG_COMPILER_APPICON_NAME = AppIcon;
				CODE_SIGN_IDENTITY = "Mac Developer";
				COMBINE_HIDPI_IMAGES = YES;
				DEVELOPMENT_TEAM = CWQ2SUHV2E;
				INFOPLIST_FILE = Blockstack/Info.plist;
				LD_RUNPATH_SEARCH_PATHS = "$(inherited) @executable_path/../Frameworks";
				PRODUCT_BUNDLE_IDENTIFIER = org.blockstack.mac;
				PRODUCT_NAME = "$(TARGET_NAME)";
				SWIFT_VERSION = 3.0;
			};
			name = Release;
		};
		46AB7B5F1E632F09004DACD8 /* Debug */ = {
			isa = XCBuildConfiguration;
			buildSettings = {
				ALWAYS_EMBED_SWIFT_STANDARD_LIBRARIES = YES;
				BUNDLE_LOADER = "$(TEST_HOST)";
				COMBINE_HIDPI_IMAGES = YES;
				DEVELOPMENT_TEAM = CWQ2SUHV2E;
				INFOPLIST_FILE = BlockstackTests/Info.plist;
				LD_RUNPATH_SEARCH_PATHS = "$(inherited) @executable_path/../Frameworks @loader_path/../Frameworks";
				PRODUCT_BUNDLE_IDENTIFIER = org.blockstack.mac.BlockstackTests;
				PRODUCT_NAME = "$(TARGET_NAME)";
				SWIFT_VERSION = 3.0;
				TEST_HOST = "$(BUILT_PRODUCTS_DIR)/Blockstack.app/Contents/MacOS/Blockstack";
			};
			name = Debug;
		};
		46AB7B601E632F09004DACD8 /* Release */ = {
			isa = XCBuildConfiguration;
			buildSettings = {
				ALWAYS_EMBED_SWIFT_STANDARD_LIBRARIES = YES;
				BUNDLE_LOADER = "$(TEST_HOST)";
				COMBINE_HIDPI_IMAGES = YES;
				DEVELOPMENT_TEAM = CWQ2SUHV2E;
				INFOPLIST_FILE = BlockstackTests/Info.plist;
				LD_RUNPATH_SEARCH_PATHS = "$(inherited) @executable_path/../Frameworks @loader_path/../Frameworks";
				PRODUCT_BUNDLE_IDENTIFIER = org.blockstack.mac.BlockstackTests;
				PRODUCT_NAME = "$(TARGET_NAME)";
				SWIFT_VERSION = 3.0;
				TEST_HOST = "$(BUILT_PRODUCTS_DIR)/Blockstack.app/Contents/MacOS/Blockstack";
			};
			name = Release;
		};
		46AB7B621E632F09004DACD8 /* Debug */ = {
			isa = XCBuildConfiguration;
			buildSettings = {
				ALWAYS_EMBED_SWIFT_STANDARD_LIBRARIES = YES;
				COMBINE_HIDPI_IMAGES = YES;
				DEVELOPMENT_TEAM = CWQ2SUHV2E;
				INFOPLIST_FILE = BlockstackUITests/Info.plist;
				LD_RUNPATH_SEARCH_PATHS = "$(inherited) @executable_path/../Frameworks @loader_path/../Frameworks";
				PRODUCT_BUNDLE_IDENTIFIER = org.blockstack.mac.BlockstackUITests;
				PRODUCT_NAME = "$(TARGET_NAME)";
				SWIFT_VERSION = 3.0;
				TEST_TARGET_NAME = Blockstack;
			};
			name = Debug;
		};
		46AB7B631E632F09004DACD8 /* Release */ = {
			isa = XCBuildConfiguration;
			buildSettings = {
				ALWAYS_EMBED_SWIFT_STANDARD_LIBRARIES = YES;
				COMBINE_HIDPI_IMAGES = YES;
				DEVELOPMENT_TEAM = CWQ2SUHV2E;
				INFOPLIST_FILE = BlockstackUITests/Info.plist;
				LD_RUNPATH_SEARCH_PATHS = "$(inherited) @executable_path/../Frameworks @loader_path/../Frameworks";
				PRODUCT_BUNDLE_IDENTIFIER = org.blockstack.mac.BlockstackUITests;
				PRODUCT_NAME = "$(TARGET_NAME)";
				SWIFT_VERSION = 3.0;
				TEST_TARGET_NAME = Blockstack;
			};
			name = Release;
		};
/* End XCBuildConfiguration section */

/* Begin XCConfigurationList section */
		46AB7B331E632F08004DACD8 /* Build configuration list for PBXProject "Blockstack" */ = {
			isa = XCConfigurationList;
			buildConfigurations = (
				46AB7B591E632F09004DACD8 /* Debug */,
				46AB7B5A1E632F09004DACD8 /* Release */,
			);
			defaultConfigurationIsVisible = 0;
			defaultConfigurationName = Release;
		};
		46AB7B5B1E632F09004DACD8 /* Build configuration list for PBXNativeTarget "Blockstack" */ = {
			isa = XCConfigurationList;
			buildConfigurations = (
				46AB7B5C1E632F09004DACD8 /* Debug */,
				46AB7B5D1E632F09004DACD8 /* Release */,
			);
			defaultConfigurationIsVisible = 0;
			defaultConfigurationName = Release;
		};
		46AB7B5E1E632F09004DACD8 /* Build configuration list for PBXNativeTarget "BlockstackTests" */ = {
			isa = XCConfigurationList;
			buildConfigurations = (
				46AB7B5F1E632F09004DACD8 /* Debug */,
				46AB7B601E632F09004DACD8 /* Release */,
			);
			defaultConfigurationIsVisible = 0;
			defaultConfigurationName = Release;
		};
		46AB7B611E632F09004DACD8 /* Build configuration list for PBXNativeTarget "BlockstackUITests" */ = {
			isa = XCConfigurationList;
			buildConfigurations = (
				46AB7B621E632F09004DACD8 /* Debug */,
				46AB7B631E632F09004DACD8 /* Release */,
			);
			defaultConfigurationIsVisible = 0;
			defaultConfigurationName = Release;
		};
/* End XCConfigurationList section */
	};
	rootObject = 46AB7B301E632F08004DACD8 /* Project object */;
}
